
Microsoft Visual Studio Solution File, Format Version 12.00
# Visual Studio Version 16
VisualStudioVersion = 16.0.29006.145
MinimumVisualStudioVersion = 10.0.40219.1
Project("{9A19103F-16F7-4668-BE54-9A1E7A4F7556}") = "WebApi", "WebApi\WebApi.csproj", "{8D7DA419-E464-4F08-8F50-25382A664652}"
EndProject
Project("{E53339B2-1760-4266-BCC7-CA923CBCF16C}") = "docker-compose", "docker-compose.dcproj", "{8B2646ED-B27D-48B3-94C9-0832E0CA855F}"
EndProject
Global
	GlobalSection(SolutionConfigurationPlatforms) = preSolution
		Debug|Any CPU = Debug|Any CPU
		Release|Any CPU = Release|Any CPU
	EndGlobalSection
	GlobalSection(ProjectConfigurationPlatforms) = postSolution
		{8D7DA419-E464-4F08-8F50-25382A664652}.Debug|Any CPU.ActiveCfg = Debug|Any CPU
		{8D7DA419-E464-4F08-8F50-25382A664652}.Debug|Any CPU.Build.0 = Debug|Any CPU
		{8D7DA419-E464-4F08-8F50-25382A664652}.Release|Any CPU.ActiveCfg = Release|Any CPU
		{8D7DA419-E464-4F08-8F50-25382A664652}.Release|Any CPU.Build.0 = Release|Any CPU
		{8B2646ED-B27D-48B3-94C9-0832E0CA855F}.Debug|Any CPU.ActiveCfg = Debug|Any CPU
		{8B2646ED-B27D-48B3-94C9-0832E0CA855F}.Debug|Any CPU.Build.0 = Debug|Any CPU
		{8B2646ED-B27D-48B3-94C9-0832E0CA855F}.Release|Any CPU.ActiveCfg = Release|Any CPU
		{8B2646ED-B27D-48B3-94C9-0832E0CA855F}.Release|Any CPU.Build.0 = Release|Any CPU
	EndGlobalSection
	GlobalSection(SolutionProperties) = preSolution
		HideSolutionNode = FALSE
	EndGlobalSection
	GlobalSection(ExtensibilityGlobals) = postSolution
		SolutionGuid = {09591461-A027-4F22-BED0-EB74DD152FE2}
	EndGlobalSection
EndGlobal
